
Microsoft Visual Studio Solution File, Format Version 12.00
# Visual Studio Version 17
VisualStudioVersion = 17.12.35209.166
MinimumVisualStudioVersion = 10.0.40219.1
Project("{FAE04EC0-301F-11D3-BF4B-00C04F79EFBC}") = "GenieSiteGenerator", "GenieSiteGenerator\GenieSiteGenerator.csproj", "{1DAEDDC9-B539-4F1C-B7E8-B9FE542A015D}"
EndProject
Global
	GlobalSection(SolutionConfigurationPlatforms) = preSolution
		Debug|Any CPU = Debug|Any CPU
		Release|Any CPU = Release|Any CPU
	EndGlobalSection
	GlobalSection(ProjectConfigurationPlatforms) = postSolution
		{1DAEDDC9-B539-4F1C-B7E8-B9FE542A015D}.Debug|Any CPU.ActiveCfg = Debug|Any CPU
		{1DAEDDC9-B539-4F1C-B7E8-B9FE542A015D}.Debug|Any CPU.Build.0 = Debug|Any CPU
		{1DAEDDC9-B539-4F1C-B7E8-B9FE542A015D}.Release|Any CPU.ActiveCfg = Release|Any CPU
		{1DAEDDC9-B539-4F1C-B7E8-B9FE542A015D}.Release|Any CPU.Build.0 = Release|Any CPU
	EndGlobalSection
	GlobalSection(SolutionProperties) = preSolution
		HideSolutionNode = FALSE
	EndGlobalSection
	GlobalSection(ExtensibilityGlobals) = postSolution
		SolutionGuid = {967A061F-F7AD-444E-A426-96BAA4AEBA0E}
	EndGlobalSection
EndGlobal
